
Microsoft Visual Studio Solution File, Format Version 12.00
Project("{FAE04EC0-301F-11D3-BF4B-00C04F79EFBC}") = "FATImplementation", "FATImplementation\FATImplementation.csproj", "{A7F8CD7B-4762-48F4-9C9D-72832B339B47}"
EndProject
Project("{FAE04EC0-301F-11D3-BF4B-00C04F79EFBC}") = "FAT.Tests", "FAT.Tests\FAT.Tests.csproj", "{D787EB17-C1E8-441D-A99F-C19411EA4604}"
EndProject
Global
	GlobalSection(SolutionConfigurationPlatforms) = preSolution
		Debug|Any CPU = Debug|Any CPU
		Release|Any CPU = Release|Any CPU
	EndGlobalSection
	GlobalSection(ProjectConfigurationPlatforms) = postSolution
		{A7F8CD7B-4762-48F4-9C9D-72832B339B47}.Debug|Any CPU.ActiveCfg = Debug|Any CPU
		{A7F8CD7B-4762-48F4-9C9D-72832B339B47}.Debug|Any CPU.Build.0 = Debug|Any CPU
		{A7F8CD7B-4762-48F4-9C9D-72832B339B47}.Release|Any CPU.ActiveCfg = Release|Any CPU
		{A7F8CD7B-4762-48F4-9C9D-72832B339B47}.Release|Any CPU.Build.0 = Release|Any CPU
		{D787EB17-C1E8-441D-A99F-C19411EA4604}.Debug|Any CPU.ActiveCfg = Debug|Any CPU
		{D787EB17-C1E8-441D-A99F-C19411EA4604}.Debug|Any CPU.Build.0 = Debug|Any CPU
		{D787EB17-C1E8-441D-A99F-C19411EA4604}.Release|Any CPU.ActiveCfg = Release|Any CPU
		{D787EB17-C1E8-441D-A99F-C19411EA4604}.Release|Any CPU.Build.0 = Release|Any CPU
	EndGlobalSection
EndGlobal
